{
  "version": 4,
  "terraform_version": "1.0.9",
  "serial": 15,
  "lineage": "6f997bd5-2c85-2781-a867-cff81708749d",
  "outputs": {
    "app_url": {
      "value": "https://canny-lass-test-app.herokuapp.com",
      "type": "string"
    }
  },
  "resources": [
    {
      "mode": "managed",
      "type": "heroku_app",
      "name": "default",
      "provider": "provider[\"registry.terraform.io/heroku/heroku\"]",
      "instances": [
        {
          "schema_version": 0,
          "attributes": {
            "acm": false,
            "all_config_vars": {
              "DATABASE_URL": "postgres://ahigllxkrxkjbv:452d9a6ba7af457e804f4116bf9547604bd6f85d2a2384532bb783c20743cbe7@ec2-3-89-214-80.compute-1.amazonaws.com:5432/db69f9hahf52cv"
            },
            "buildpacks": [
              "https://github.com/heroku/heroku-buildpack-python.git"
            ],
            "config_vars": {},
            "git_url": "https://git.heroku.com/canny-lass-test-app.git",
            "heroku_hostname": "canny-lass-test-app.herokuapp.com",
            "id": "canny-lass-test-app",
            "internal_routing": false,
            "name": "canny-lass-test-app",
            "organization": [],
            "region": "us",
            "sensitive_config_vars": {},
            "space": null,
            "stack": "heroku-20",
            "uuid": "81233485-65f5-4b76-8d63-7ae92cecfc70",
            "web_url": "https://canny-lass-test-app.herokuapp.com/"
          },
          "sensitive_attributes": [],
          "private": "bnVsbA=="
        }
      ]
    },
    {
      "mode": "managed",
      "type": "heroku_build",
      "name": "default",
      "provider": "provider[\"registry.terraform.io/heroku/heroku\"]",
      "instances": [
        {
          "schema_version": 0,
          "attributes": {
            "app": "canny-lass-test-app",
            "buildpacks": [
              "https://github.com/heroku/heroku-buildpack-python.git"
            ],
            "id": "04dbe63e-0517-47d2-a915-0fbf01c07cab",
            "local_checksum": "SHA256:1ff855258fd4a8216c2a3b0530a8f28ef99ae562a600f9aac6b7effcd1fe6d4c",
            "output_stream_url": "https://build-output.heroku.com/streams/81/81233485-65f5-4b76-8d63-7ae92cecfc70/logs/04/04dbe63e-0517-47d2-a915-0fbf01c07cab.log?X-Amz-Algorithm=AWS4-HMAC-SHA256\u0026X-Amz-Credential=AKIAIQI6BAUWXGR4S77Q%2F20211212%2Fus-east-1%2Fs3%2Faws4_request\u0026X-Amz-Date=20211212T182207Z\u0026X-Amz-Expires=86400\u0026X-Amz-SignedHeaders=host\u0026X-Amz-Signature=880ae514d9201bf61a6305554b35c07015afbe827fb1edc2b2e7f6a3043836e4",
            "release_id": "21fc2b67-5ec5-4336-9c5f-046c65512a14",
            "slug_id": "0edc1e90-efcd-4f11-af3b-a52ec25edc81",
            "source": [
              {
                "checksum": "",
                "path": "../../src",
                "url": "",
                "version": ""
              }
            ],
            "stack": "heroku-20",
            "status": "succeeded",
            "user": [
              {
                "email": "ibrahimayodeji15@gmail.com",
                "id": "20249635-682f-4632-8ae1-546a6a53ea49"
              }
            ],
            "uuid": "04dbe63e-0517-47d2-a915-0fbf01c07cab"
          },
          "sensitive_attributes": [],
          "private": "bnVsbA=="
        }
      ]
    }
  ]
}
