{
  "version": 4,
  "terraform_version": "1.0.9",
  "serial": 3,
  "lineage": "65b86477-acad-ae33-fd54-a4d1b89fd829",
  "outputs": {
    "app_url": {
      "value": "https://canny-lass-app-dev.herokuapp.com",
      "type": "string"
    }
  },
  "resources": [
    {
      "mode": "managed",
      "type": "heroku_app",
      "name": "default",
      "provider": "provider[\"registry.terraform.io/heroku/heroku\"]",
      "instances": [
        {
          "schema_version": 0,
          "attributes": {
            "acm": false,
            "all_config_vars": {},
            "buildpacks": [],
            "config_vars": {},
            "git_url": "https://git.heroku.com/canny-lass-app-dev.git",
            "heroku_hostname": "canny-lass-app-dev.herokuapp.com",
            "id": "canny-lass-app-dev",
            "internal_routing": false,
            "name": "canny-lass-app-dev",
            "organization": [],
            "region": "us",
            "sensitive_config_vars": {},
            "space": null,
            "stack": "heroku-20",
            "uuid": "5d768ed0-e9dd-4d77-b499-bc4d54d53722",
            "web_url": "https://canny-lass-app-dev.herokuapp.com/"
          },
          "sensitive_attributes": [],
          "private": "bnVsbA=="
        }
      ]
    },
    {
      "mode": "managed",
      "type": "heroku_build",
      "name": "default",
      "provider": "provider[\"registry.terraform.io/heroku/heroku\"]",
      "instances": [
        {
          "schema_version": 0,
          "attributes": {
            "app": "canny-lass-app-dev",
            "buildpacks": [
              "https://github.com/heroku/heroku-buildpack-python.git"
            ],
            "id": "e9a0262a-7062-44da-99fe-fe1019ea28d2",
            "local_checksum": "SHA256:1ff855258fd4a8216c2a3b0530a8f28ef99ae562a600f9aac6b7effcd1fe6d4c",
            "output_stream_url": "https://build-output.heroku.com/streams/5d/5d768ed0-e9dd-4d77-b499-bc4d54d53722/logs/e9/e9a0262a-7062-44da-99fe-fe1019ea28d2.log?X-Amz-Algorithm=AWS4-HMAC-SHA256\u0026X-Amz-Credential=AKIAIQI6BAUWXGR4S77Q%2F20211212%2Fus-east-1%2Fs3%2Faws4_request\u0026X-Amz-Date=20211212T183030Z\u0026X-Amz-Expires=86400\u0026X-Amz-SignedHeaders=host\u0026X-Amz-Signature=5b192dad3b08450d75748b2b0870a1b4bfe6e2560c5e34fbac3b6103cee1b53f",
            "release_id": "ab8cc47c-2c65-4259-8ecb-e6010a184779",
            "slug_id": "3c2b2d7c-355f-47aa-b5f0-6f05683ad782",
            "source": [
              {
                "checksum": "",
                "path": "../../src",
                "url": "",
                "version": ""
              }
            ],
            "stack": "heroku-20",
            "status": "succeeded",
            "user": [
              {
                "email": "ibrahimayodeji15@gmail.com",
                "id": "20249635-682f-4632-8ae1-546a6a53ea49"
              }
            ],
            "uuid": "e9a0262a-7062-44da-99fe-fe1019ea28d2"
          },
          "sensitive_attributes": [],
          "private": "bnVsbA=="
        }
      ]
    }
  ]
}
